// !$*UTF8*$!
{
	archiveVersion = 1;
	classes = {
	};
	objectVersion = 56;
	objects = {

/* Begin PBXBuildFile section */
		AF89990F28E9A07F00FE3795 /* CryptoTrackMacSwiftUIApp.swift in Sources */ = {isa = PBXBuildFile; fileRef = AF89990E28E9A07F00FE3795 /* CryptoTrackMacSwiftUIApp.swift */; };
		AF89991328E9A08000FE3795 /* Assets.xcassets in Resources */ = {isa = PBXBuildFile; fileRef = AF89991228E9A08000FE3795 /* Assets.xcassets */; };
		AF89991628E9A08000FE3795 /* Preview Assets.xcassets in Resources */ = {isa = PBXBuildFile; fileRef = AF89991528E9A08000FE3795 /* Preview Assets.xcassets */; };
		AF89992228E9A0C000FE3795 /* HomeView.swift in Sources */ = {isa = PBXBuildFile; fileRef = AF89992128E9A0C000FE3795 /* HomeView.swift */; };
		AF89992428E9A0DE00FE3795 /* SideMenuBarView.swift in Sources */ = {isa = PBXBuildFile; fileRef = AF89992328E9A0DE00FE3795 /* SideMenuBarView.swift */; };
		AF89992728E9A15300FE3795 /* SideMenuBar.swift in Sources */ = {isa = PBXBuildFile; fileRef = AF89992628E9A15300FE3795 /* SideMenuBar.swift */; };
		AF89992D28E9AA9700FE3795 /* Color.swift in Sources */ = {isa = PBXBuildFile; fileRef = AF89992C28E9AA9700FE3795 /* Color.swift */; };
		AF89993128E9BB0F00FE3795 /* SideMenuBarCellView.swift in Sources */ = {isa = PBXBuildFile; fileRef = AF89993028E9BB0F00FE3795 /* SideMenuBarCellView.swift */; };
/* End PBXBuildFile section */

/* Begin PBXFileReference section */
		AF89990B28E9A07F00FE3795 /* CryptoTrackMacSwiftUI.app */ = {isa = PBXFileReference; explicitFileType = wrapper.application; includeInIndex = 0; path = CryptoTrackMacSwiftUI.app; sourceTree = BUILT_PRODUCTS_DIR; };
		AF89990E28E9A07F00FE3795 /* CryptoTrackMacSwiftUIApp.swift */ = {isa = PBXFileReference; lastKnownFileType = sourcecode.swift; path = CryptoTrackMacSwiftUIApp.swift; sourceTree = "<group>"; };
		AF89991228E9A08000FE3795 /* Assets.xcassets */ = {isa = PBXFileReference; lastKnownFileType = folder.assetcatalog; path = Assets.xcassets; sourceTree = "<group>"; };
		AF89991528E9A08000FE3795 /* Preview Assets.xcassets */ = {isa = PBXFileReference; lastKnownFileType = folder.assetcatalog; path = "Preview Assets.xcassets"; sourceTree = "<group>"; };
		AF89991728E9A08000FE3795 /* CryptoTrackMacSwiftUI.entitlements */ = {isa = PBXFileReference; lastKnownFileType = text.plist.entitlements; path = CryptoTrackMacSwiftUI.entitlements; sourceTree = "<group>"; };
		AF89992128E9A0C000FE3795 /* HomeView.swift */ = {isa = PBXFileReference; lastKnownFileType = sourcecode.swift; path = HomeView.swift; sourceTree = "<group>"; };
		AF89992328E9A0DE00FE3795 /* SideMenuBarView.swift */ = {isa = PBXFileReference; lastKnownFileType = sourcecode.swift; path = SideMenuBarView.swift; sourceTree = "<group>"; };
		AF89992628E9A15300FE3795 /* SideMenuBar.swift */ = {isa = PBXFileReference; lastKnownFileType = sourcecode.swift; path = SideMenuBar.swift; sourceTree = "<group>"; };
		AF89992C28E9AA9700FE3795 /* Color.swift */ = {isa = PBXFileReference; fileEncoding = 4; lastKnownFileType = sourcecode.swift; path = Color.swift; sourceTree = "<group>"; };
		AF89993028E9BB0F00FE3795 /* SideMenuBarCellView.swift */ = {isa = PBXFileReference; lastKnownFileType = sourcecode.swift; path = SideMenuBarCellView.swift; sourceTree = "<group>"; };
/* End PBXFileReference section */

/* Begin PBXFrameworksBuildPhase section */
		AF89990828E9A07F00FE3795 /* Frameworks */ = {
			isa = PBXFrameworksBuildPhase;
			buildActionMask = 2147483647;
			files = (
			);
			runOnlyForDeploymentPostprocessing = 0;
		};
/* End PBXFrameworksBuildPhase section */

/* Begin PBXGroup section */
		AF89990228E9A07F00FE3795 = {
			isa = PBXGroup;
			children = (
				AF89990D28E9A07F00FE3795 /* CryptoTrackMacSwiftUI */,
				AF89990C28E9A07F00FE3795 /* Products */,
			);
			sourceTree = "<group>";
		};
		AF89990C28E9A07F00FE3795 /* Products */ = {
			isa = PBXGroup;
			children = (
				AF89990B28E9A07F00FE3795 /* CryptoTrackMacSwiftUI.app */,
			);
			name = Products;
			sourceTree = "<group>";
		};
		AF89990D28E9A07F00FE3795 /* CryptoTrackMacSwiftUI */ = {
			isa = PBXGroup;
			children = (
				AF89992928E9A7A900FE3795 /* Extensions */,
				AF89992828E9A21500FE3795 /* App */,
				AF89992528E9A14100FE3795 /* Models */,
				AF89991D28E9A09300FE3795 /* Core */,
				AF89991228E9A08000FE3795 /* Assets.xcassets */,
				AF89991728E9A08000FE3795 /* CryptoTrackMacSwiftUI.entitlements */,
				AF89991428E9A08000FE3795 /* Preview Content */,
			);
			path = CryptoTrackMacSwiftUI;
			sourceTree = "<group>";
		};
		AF89991428E9A08000FE3795 /* Preview Content */ = {
			isa = PBXGroup;
			children = (
				AF89991528E9A08000FE3795 /* Preview Assets.xcassets */,
			);
			path = "Preview Content";
			sourceTree = "<group>";
		};
		AF89991D28E9A09300FE3795 /* Core */ = {
			isa = PBXGroup;
			children = (
				AF89991E28E9A09700FE3795 /* Home */,
			);
			path = Core;
			sourceTree = "<group>";
		};
		AF89991E28E9A09700FE3795 /* Home */ = {
			isa = PBXGroup;
			children = (
				AF89992028E9A0A200FE3795 /* ViewModel */,
				AF89991F28E9A09E00FE3795 /* Views */,
			);
			path = Home;
			sourceTree = "<group>";
		};
		AF89991F28E9A09E00FE3795 /* Views */ = {
			isa = PBXGroup;
			children = (
				AF89992128E9A0C000FE3795 /* HomeView.swift */,
				AF89992328E9A0DE00FE3795 /* SideMenuBarView.swift */,
				AF89993028E9BB0F00FE3795 /* SideMenuBarCellView.swift */,
			);
			path = Views;
			sourceTree = "<group>";
		};
		AF89992028E9A0A200FE3795 /* ViewModel */ = {
			isa = PBXGroup;
			children = (
			);
			path = ViewModel;
			sourceTree = "<group>";
		};
		AF89992528E9A14100FE3795 /* Models */ = {
			isa = PBXGroup;
			children = (
				AF89992628E9A15300FE3795 /* SideMenuBar.swift */,
			);
			path = Models;
			sourceTree = "<group>";
		};
		AF89992828E9A21500FE3795 /* App */ = {
			isa = PBXGroup;
			children = (
				AF89990E28E9A07F00FE3795 /* CryptoTrackMacSwiftUIApp.swift */,
			);
			path = App;
			sourceTree = "<group>";
		};
		AF89992928E9A7A900FE3795 /* Extensions */ = {
			isa = PBXGroup;
			children = (
				AF89992C28E9AA9700FE3795 /* Color.swift */,
			);
			path = Extensions;
			sourceTree = "<group>";
		};
/* End PBXGroup section */

/* Begin PBXNativeTarget section */
		AF89990A28E9A07F00FE3795 /* CryptoTrackMacSwiftUI */ = {
			isa = PBXNativeTarget;
			buildConfigurationList = AF89991A28E9A08000FE3795 /* Build configuration list for PBXNativeTarget "CryptoTrackMacSwiftUI" */;
			buildPhases = (
				AF89990728E9A07F00FE3795 /* Sources */,
				AF89990828E9A07F00FE3795 /* Frameworks */,
				AF89990928E9A07F00FE3795 /* Resources */,
			);
			buildRules = (
			);
			dependencies = (
			);
			name = CryptoTrackMacSwiftUI;
			productName = CryptoTrackMacSwiftUI;
			productReference = AF89990B28E9A07F00FE3795 /* CryptoTrackMacSwiftUI.app */;
			productType = "com.apple.product-type.application";
		};
/* End PBXNativeTarget section */

/* Begin PBXProject section */
		AF89990328E9A07F00FE3795 /* Project object */ = {
			isa = PBXProject;
			attributes = {
				BuildIndependentTargetsInParallel = 1;
				LastSwiftUpdateCheck = 1400;
				LastUpgradeCheck = 1400;
				TargetAttributes = {
					AF89990A28E9A07F00FE3795 = {
						CreatedOnToolsVersion = 14.0;
					};
				};
			};
			buildConfigurationList = AF89990628E9A07F00FE3795 /* Build configuration list for PBXProject "CryptoTrackMacSwiftUI" */;
			compatibilityVersion = "Xcode 14.0";
			developmentRegion = en;
			hasScannedForEncodings = 0;
			knownRegions = (
				en,
				Base,
			);
			mainGroup = AF89990228E9A07F00FE3795;
			productRefGroup = AF89990C28E9A07F00FE3795 /* Products */;
			projectDirPath = "";
			projectRoot = "";
			targets = (
				AF89990A28E9A07F00FE3795 /* CryptoTrackMacSwiftUI */,
			);
		};
/* End PBXProject section */

/* Begin PBXResourcesBuildPhase section */
		AF89990928E9A07F00FE3795 /* Resources */ = {
			isa = PBXResourcesBuildPhase;
			buildActionMask = 2147483647;
			files = (
				AF89991628E9A08000FE3795 /* Preview Assets.xcassets in Resources */,
				AF89991328E9A08000FE3795 /* Assets.xcassets in Resources */,
			);
			runOnlyForDeploymentPostprocessing = 0;
		};
/* End PBXResourcesBuildPhase section */

/* Begin PBXSourcesBuildPhase section */
		AF89990728E9A07F00FE3795 /* Sources */ = {
			isa = PBXSourcesBuildPhase;
			buildActionMask = 2147483647;
			files = (
				AF89992728E9A15300FE3795 /* SideMenuBar.swift in Sources */,
				AF89992228E9A0C000FE3795 /* HomeView.swift in Sources */,
				AF89993128E9BB0F00FE3795 /* SideMenuBarCellView.swift in Sources */,
				AF89992428E9A0DE00FE3795 /* SideMenuBarView.swift in Sources */,
				AF89992D28E9AA9700FE3795 /* Color.swift in Sources */,
				AF89990F28E9A07F00FE3795 /* CryptoTrackMacSwiftUIApp.swift in Sources */,
			);
			runOnlyForDeploymentPostprocessing = 0;
		};
/* End PBXSourcesBuildPhase section */

/* Begin XCBuildConfiguration section */
		AF89991828E9A08000FE3795 /* Debug */ = {
			isa = XCBuildConfiguration;
			buildSettings = {
				ALWAYS_SEARCH_USER_PATHS = NO;
				CLANG_ANALYZER_NONNULL = YES;
				CLANG_ANALYZER_NUMBER_OBJECT_CONVERSION = YES_AGGRESSIVE;
				CLANG_CXX_LANGUAGE_STANDARD = "gnu++20";
				CLANG_ENABLE_MODULES = YES;
				CLANG_ENABLE_OBJC_ARC = YES;
				CLANG_ENABLE_OBJC_WEAK = YES;
				CLANG_WARN_BLOCK_CAPTURE_AUTORELEASING = YES;
				CLANG_WARN_BOOL_CONVERSION = YES;
				CLANG_WARN_COMMA = YES;
				CLANG_WARN_CONSTANT_CONVERSION = YES;
				CLANG_WARN_DEPRECATED_OBJC_IMPLEMENTATIONS = YES;
				CLANG_WARN_DIRECT_OBJC_ISA_USAGE = YES_ERROR;
				CLANG_WARN_DOCUMENTATION_COMMENTS = YES;
				CLANG_WARN_EMPTY_BODY = YES;
				CLANG_WARN_ENUM_CONVERSION = YES;
				CLANG_WARN_INFINITE_RECURSION = YES;
				CLANG_WARN_INT_CONVERSION = YES;
				CLANG_WARN_NON_LITERAL_NULL_CONVERSION = YES;
				CLANG_WARN_OBJC_IMPLICIT_RETAIN_SELF = YES;
				CLANG_WARN_OBJC_LITERAL_CONVERSION = YES;
				CLANG_WARN_OBJC_ROOT_CLASS = YES_ERROR;
				CLANG_WARN_QUOTED_INCLUDE_IN_FRAMEWORK_HEADER = YES;
				CLANG_WARN_RANGE_LOOP_ANALYSIS = YES;
				CLANG_WARN_STRICT_PROTOTYPES = YES;
				CLANG_WARN_SUSPICIOUS_MOVE = YES;
				CLANG_WARN_UNGUARDED_AVAILABILITY = YES_AGGRESSIVE;
				CLANG_WARN_UNREACHABLE_CODE = YES;
				CLANG_WARN__DUPLICATE_METHOD_MATCH = YES;
				COPY_PHASE_STRIP = NO;
				DEBUG_INFORMATION_FORMAT = dwarf;
				ENABLE_STRICT_OBJC_MSGSEND = YES;
				ENABLE_TESTABILITY = YES;
				GCC_C_LANGUAGE_STANDARD = gnu11;
				GCC_DYNAMIC_NO_PIC = NO;
				GCC_NO_COMMON_BLOCKS = YES;
				GCC_OPTIMIZATION_LEVEL = 0;
				GCC_PREPROCESSOR_DEFINITIONS = (
					"DEBUG=1",
					"$(inherited)",
				);
				GCC_WARN_64_TO_32_BIT_CONVERSION = YES;
				GCC_WARN_ABOUT_RETURN_TYPE = YES_ERROR;
				GCC_WARN_UNDECLARED_SELECTOR = YES;
				GCC_WARN_UNINITIALIZED_AUTOS = YES_AGGRESSIVE;
				GCC_WARN_UNUSED_FUNCTION = YES;
				GCC_WARN_UNUSED_VARIABLE = YES;
				MACOSX_DEPLOYMENT_TARGET = 12.3;
				MTL_ENABLE_DEBUG_INFO = INCLUDE_SOURCE;
				MTL_FAST_MATH = YES;
				ONLY_ACTIVE_ARCH = YES;
				SDKROOT = macosx;
				SWIFT_ACTIVE_COMPILATION_CONDITIONS = DEBUG;
				SWIFT_OPTIMIZATION_LEVEL = "-Onone";
			};
			name = Debug;
		};
		AF89991928E9A08000FE3795 /* Release */ = {
			isa = XCBuildConfiguration;
			buildSettings = {
				ALWAYS_SEARCH_USER_PATHS = NO;
				CLANG_ANALYZER_NONNULL = YES;
				CLANG_ANALYZER_NUMBER_OBJECT_CONVERSION = YES_AGGRESSIVE;
				CLANG_CXX_LANGUAGE_STANDARD = "gnu++20";
				CLANG_ENABLE_MODULES = YES;
				CLANG_ENABLE_OBJC_ARC = YES;
				CLANG_ENABLE_OBJC_WEAK = YES;
				CLANG_WARN_BLOCK_CAPTURE_AUTORELEASING = YES;
				CLANG_WARN_BOOL_CONVERSION = YES;
				CLANG_WARN_COMMA = YES;
				CLANG_WARN_CONSTANT_CONVERSION = YES;
				CLANG_WARN_DEPRECATED_OBJC_IMPLEMENTATIONS = YES;
				CLANG_WARN_DIRECT_OBJC_ISA_USAGE = YES_ERROR;
				CLANG_WARN_DOCUMENTATION_COMMENTS = YES;
				CLANG_WARN_EMPTY_BODY = YES;
				CLANG_WARN_ENUM_CONVERSION = YES;
				CLANG_WARN_INFINITE_RECURSION = YES;
				CLANG_WARN_INT_CONVERSION = YES;
				CLANG_WARN_NON_LITERAL_NULL_CONVERSION = YES;
				CLANG_WARN_OBJC_IMPLICIT_RETAIN_SELF = YES;
				CLANG_WARN_OBJC_LITERAL_CONVERSION = YES;
				CLANG_WARN_OBJC_ROOT_CLASS = YES_ERROR;
				CLANG_WARN_QUOTED_INCLUDE_IN_FRAMEWORK_HEADER = YES;
				CLANG_WARN_RANGE_LOOP_ANALYSIS = YES;
				CLANG_WARN_STRICT_PROTOTYPES = YES;
				CLANG_WARN_SUSPICIOUS_MOVE = YES;
				CLANG_WARN_UNGUARDED_AVAILABILITY = YES_AGGRESSIVE;
				CLANG_WARN_UNREACHABLE_CODE = YES;
				CLANG_WARN__DUPLICATE_METHOD_MATCH = YES;
				COPY_PHASE_STRIP = NO;
				DEBUG_INFORMATION_FORMAT = "dwarf-with-dsym";
				ENABLE_NS_ASSERTIONS = NO;
				ENABLE_STRICT_OBJC_MSGSEND = YES;
				GCC_C_LANGUAGE_STANDARD = gnu11;
				GCC_NO_COMMON_BLOCKS = YES;
				GCC_WARN_64_TO_32_BIT_CONVERSION = YES;
				GCC_WARN_ABOUT_RETURN_TYPE = YES_ERROR;
				GCC_WARN_UNDECLARED_SELECTOR = YES;
				GCC_WARN_UNINITIALIZED_AUTOS = YES_AGGRESSIVE;
				GCC_WARN_UNUSED_FUNCTION = YES;
				GCC_WARN_UNUSED_VARIABLE = YES;
				MACOSX_DEPLOYMENT_TARGET = 12.3;
				MTL_ENABLE_DEBUG_INFO = NO;
				MTL_FAST_MATH = YES;
				SDKROOT = macosx;
				SWIFT_COMPILATION_MODE = wholemodule;
				SWIFT_OPTIMIZATION_LEVEL = "-O";
			};
			name = Release;
		};
		AF89991B28E9A08000FE3795 /* Debug */ = {
			isa = XCBuildConfiguration;
			buildSettings = {
				ASSETCATALOG_COMPILER_APPICON_NAME = AppIcon;
				ASSETCATALOG_COMPILER_GLOBAL_ACCENT_COLOR_NAME = AccentColor;
				CODE_SIGN_ENTITLEMENTS = CryptoTrackMacSwiftUI/CryptoTrackMacSwiftUI.entitlements;
				CODE_SIGN_STYLE = Automatic;
				COMBINE_HIDPI_IMAGES = YES;
				CURRENT_PROJECT_VERSION = 1;
				DEVELOPMENT_ASSET_PATHS = "\"CryptoTrackMacSwiftUI/Preview Content\"";
				DEVELOPMENT_TEAM = SHP38F3EM7;
				ENABLE_HARDENED_RUNTIME = YES;
				ENABLE_PREVIEWS = YES;
				GENERATE_INFOPLIST_FILE = YES;
				INFOPLIST_KEY_NSHumanReadableCopyright = "";
				LD_RUNPATH_SEARCH_PATHS = (
					"$(inherited)",
					"@executable_path/../Frameworks",
				);
				MARKETING_VERSION = 1.0;
				PRODUCT_BUNDLE_IDENTIFIER = barisozgen.CryptoTrackMacSwiftUI;
				PRODUCT_NAME = "$(TARGET_NAME)";
				SWIFT_EMIT_LOC_STRINGS = YES;
				SWIFT_VERSION = 5.0;
			};
			name = Debug;
		};
		AF89991C28E9A08000FE3795 /* Release */ = {
			isa = XCBuildConfiguration;
			buildSettings = {
				ASSETCATALOG_COMPILER_APPICON_NAME = AppIcon;
				ASSETCATALOG_COMPILER_GLOBAL_ACCENT_COLOR_NAME = AccentColor;
				CODE_SIGN_ENTITLEMENTS = CryptoTrackMacSwiftUI/CryptoTrackMacSwiftUI.entitlements;
				CODE_SIGN_STYLE = Automatic;
				COMBINE_HIDPI_IMAGES = YES;
				CURRENT_PROJECT_VERSION = 1;
				DEVELOPMENT_ASSET_PATHS = "\"CryptoTrackMacSwiftUI/Preview Content\"";
				DEVELOPMENT_TEAM = SHP38F3EM7;
				ENABLE_HARDENED_RUNTIME = YES;
				ENABLE_PREVIEWS = YES;
				GENERATE_INFOPLIST_FILE = YES;
				INFOPLIST_KEY_NSHumanReadableCopyright = "";
				LD_RUNPATH_SEARCH_PATHS = (
					"$(inherited)",
					"@executable_path/../Frameworks",
				);
				MARKETING_VERSION = 1.0;
				PRODUCT_BUNDLE_IDENTIFIER = barisozgen.CryptoTrackMacSwiftUI;
				PRODUCT_NAME = "$(TARGET_NAME)";
				SWIFT_EMIT_LOC_STRINGS = YES;
				SWIFT_VERSION = 5.0;
			};
			name = Release;
		};
/* End XCBuildConfiguration section */

/* Begin XCConfigurationList section */
		AF89990628E9A07F00FE3795 /* Build configuration list for PBXProject "CryptoTrackMacSwiftUI" */ = {
			isa = XCConfigurationList;
			buildConfigurations = (
				AF89991828E9A08000FE3795 /* Debug */,
				AF89991928E9A08000FE3795 /* Release */,
			);
			defaultConfigurationIsVisible = 0;
			defaultConfigurationName = Release;
		};
		AF89991A28E9A08000FE3795 /* Build configuration list for PBXNativeTarget "CryptoTrackMacSwiftUI" */ = {
			isa = XCConfigurationList;
			buildConfigurations = (
				AF89991B28E9A08000FE3795 /* Debug */,
				AF89991C28E9A08000FE3795 /* Release */,
			);
			defaultConfigurationIsVisible = 0;
			defaultConfigurationName = Release;
		};
/* End XCConfigurationList section */
	};
	rootObject = AF89990328E9A07F00FE3795 /* Project object */;
}
